
Microsoft Visual Studio Solution File, Format Version 12.00
# Visual Studio Version 16
VisualStudioVersion = 16.0.29102.190
MinimumVisualStudioVersion = 10.0.40219.1
Project("{FAE04EC0-301F-11D3-BF4B-00C04F79EFBC}") = "XamarinUp2018.Android", "XamarinUp2018.Android\XamarinUp2018.Android.csproj", "{785CC128-F520-47AB-961D-9B18E64C77C2}"
EndProject
Project("{FAE04EC0-301F-11D3-BF4B-00C04F79EFBC}") = "XamarinUp2018.iOS", "XamarinUp2018.iOS\XamarinUp2018.iOS.csproj", "{FDF73A94-70FD-42F9-8E20-59D81290270B}"
EndProject
Project("{FAE04EC0-301F-11D3-BF4B-00C04F79EFBC}") = "XamarinUp2018", "XamarinUp2018\XamarinUp2018.csproj", "{C69DD754-6226-434C-BA8C-D8A16977F698}"
EndProject
Global
	GlobalSection(SolutionConfigurationPlatforms) = preSolution
		Debug|Any CPU = Debug|Any CPU
		Debug|iPhone = Debug|iPhone
		Debug|iPhoneSimulator = Debug|iPhoneSimulator
		Release|Any CPU = Release|Any CPU
		Release|iPhone = Release|iPhone
		Release|iPhoneSimulator = Release|iPhoneSimulator
	EndGlobalSection
	GlobalSection(ProjectConfigurationPlatforms) = postSolution
		{785CC128-F520-47AB-961D-9B18E64C77C2}.Debug|Any CPU.ActiveCfg = Debug|Any CPU
		{785CC128-F520-47AB-961D-9B18E64C77C2}.Debug|Any CPU.Build.0 = Debug|Any CPU
		{785CC128-F520-47AB-961D-9B18E64C77C2}.Debug|Any CPU.Deploy.0 = Debug|Any CPU
		{785CC128-F520-47AB-961D-9B18E64C77C2}.Debug|iPhone.ActiveCfg = Debug|Any CPU
		{785CC128-F520-47AB-961D-9B18E64C77C2}.Debug|iPhone.Build.0 = Debug|Any CPU
		{785CC128-F520-47AB-961D-9B18E64C77C2}.Debug|iPhone.Deploy.0 = Debug|Any CPU
		{785CC128-F520-47AB-961D-9B18E64C77C2}.Debug|iPhoneSimulator.ActiveCfg = Debug|Any CPU
		{785CC128-F520-47AB-961D-9B18E64C77C2}.Debug|iPhoneSimulator.Build.0 = Debug|Any CPU
		{785CC128-F520-47AB-961D-9B18E64C77C2}.Debug|iPhoneSimulator.Deploy.0 = Debug|Any CPU
		{785CC128-F520-47AB-961D-9B18E64C77C2}.Release|Any CPU.ActiveCfg = Release|Any CPU
		{785CC128-F520-47AB-961D-9B18E64C77C2}.Release|Any CPU.Build.0 = Release|Any CPU
		{785CC128-F520-47AB-961D-9B18E64C77C2}.Release|Any CPU.Deploy.0 = Release|Any CPU
		{785CC128-F520-47AB-961D-9B18E64C77C2}.Release|iPhone.ActiveCfg = Release|Any CPU
		{785CC128-F520-47AB-961D-9B18E64C77C2}.Release|iPhone.Build.0 = Release|Any CPU
		{785CC128-F520-47AB-961D-9B18E64C77C2}.Release|iPhone.Deploy.0 = Release|Any CPU
		{785CC128-F520-47AB-961D-9B18E64C77C2}.Release|iPhoneSimulator.ActiveCfg = Release|Any CPU
		{785CC128-F520-47AB-961D-9B18E64C77C2}.Release|iPhoneSimulator.Build.0 = Release|Any CPU
		{785CC128-F520-47AB-961D-9B18E64C77C2}.Release|iPhoneSimulator.Deploy.0 = Release|Any CPU
		{FDF73A94-70FD-42F9-8E20-59D81290270B}.Debug|Any CPU.ActiveCfg = Debug|iPhoneSimulator
		{FDF73A94-70FD-42F9-8E20-59D81290270B}.Debug|Any CPU.Build.0 = Debug|iPhoneSimulator
		{FDF73A94-70FD-42F9-8E20-59D81290270B}.Debug|Any CPU.Deploy.0 = Debug|iPhoneSimulator
		{FDF73A94-70FD-42F9-8E20-59D81290270B}.Debug|iPhone.ActiveCfg = Debug|iPhone
		{FDF73A94-70FD-42F9-8E20-59D81290270B}.Debug|iPhone.Build.0 = Debug|iPhone
		{FDF73A94-70FD-42F9-8E20-59D81290270B}.Debug|iPhone.Deploy.0 = Debug|iPhone
		{FDF73A94-70FD-42F9-8E20-59D81290270B}.Debug|iPhoneSimulator.ActiveCfg = Debug|iPhoneSimulator
		{FDF73A94-70FD-42F9-8E20-59D81290270B}.Debug|iPhoneSimulator.Build.0 = Debug|iPhoneSimulator
		{FDF73A94-70FD-42F9-8E20-59D81290270B}.Debug|iPhoneSimulator.Deploy.0 = Debug|iPhoneSimulator
		{FDF73A94-70FD-42F9-8E20-59D81290270B}.Release|Any CPU.ActiveCfg = Release|iPhone
		{FDF73A94-70FD-42F9-8E20-59D81290270B}.Release|Any CPU.Build.0 = Release|iPhone
		{FDF73A94-70FD-42F9-8E20-59D81290270B}.Release|Any CPU.Deploy.0 = Release|iPhone
		{FDF73A94-70FD-42F9-8E20-59D81290270B}.Release|iPhone.ActiveCfg = Release|iPhone
		{FDF73A94-70FD-42F9-8E20-59D81290270B}.Release|iPhone.Build.0 = Release|iPhone
		{FDF73A94-70FD-42F9-8E20-59D81290270B}.Release|iPhone.Deploy.0 = Release|iPhone
		{FDF73A94-70FD-42F9-8E20-59D81290270B}.Release|iPhoneSimulator.ActiveCfg = Release|iPhoneSimulator
		{FDF73A94-70FD-42F9-8E20-59D81290270B}.Release|iPhoneSimulator.Build.0 = Release|iPhoneSimulator
		{FDF73A94-70FD-42F9-8E20-59D81290270B}.Release|iPhoneSimulator.Deploy.0 = Release|iPhoneSimulator
		{C69DD754-6226-434C-BA8C-D8A16977F698}.Debug|Any CPU.ActiveCfg = Debug|Any CPU
		{C69DD754-6226-434C-BA8C-D8A16977F698}.Debug|Any CPU.Build.0 = Debug|Any CPU
		{C69DD754-6226-434C-BA8C-D8A16977F698}.Debug|Any CPU.Deploy.0 = Debug|Any CPU
		{C69DD754-6226-434C-BA8C-D8A16977F698}.Debug|iPhone.ActiveCfg = Debug|Any CPU
		{C69DD754-6226-434C-BA8C-D8A16977F698}.Debug|iPhone.Build.0 = Debug|Any CPU
		{C69DD754-6226-434C-BA8C-D8A16977F698}.Debug|iPhone.Deploy.0 = Debug|Any CPU
		{C69DD754-6226-434C-BA8C-D8A16977F698}.Debug|iPhoneSimulator.ActiveCfg = Debug|Any CPU
		{C69DD754-6226-434C-BA8C-D8A16977F698}.Debug|iPhoneSimulator.Build.0 = Debug|Any CPU
		{C69DD754-6226-434C-BA8C-D8A16977F698}.Debug|iPhoneSimulator.Deploy.0 = Debug|Any CPU
		{C69DD754-6226-434C-BA8C-D8A16977F698}.Release|Any CPU.ActiveCfg = Release|Any CPU
		{C69DD754-6226-434C-BA8C-D8A16977F698}.Release|Any CPU.Build.0 = Release|Any CPU
		{C69DD754-6226-434C-BA8C-D8A16977F698}.Release|Any CPU.Deploy.0 = Release|Any CPU
		{C69DD754-6226-434C-BA8C-D8A16977F698}.Release|iPhone.ActiveCfg = Release|Any CPU
		{C69DD754-6226-434C-BA8C-D8A16977F698}.Release|iPhone.Build.0 = Release|Any CPU
		{C69DD754-6226-434C-BA8C-D8A16977F698}.Release|iPhone.Deploy.0 = Release|Any CPU
		{C69DD754-6226-434C-BA8C-D8A16977F698}.Release|iPhoneSimulator.ActiveCfg = Release|Any CPU
		{C69DD754-6226-434C-BA8C-D8A16977F698}.Release|iPhoneSimulator.Build.0 = Release|Any CPU
		{C69DD754-6226-434C-BA8C-D8A16977F698}.Release|iPhoneSimulator.Deploy.0 = Release|Any CPU
	EndGlobalSection
	GlobalSection(SolutionProperties) = preSolution
		HideSolutionNode = FALSE
	EndGlobalSection
	GlobalSection(ExtensibilityGlobals) = postSolution
		SolutionGuid = {5F71F7C1-34F8-4A61-949F-B545817B4752}
	EndGlobalSection
EndGlobal
